{
  "name": "recipeSage",
  "version": "0.0.1",
  "lockfileVersion": 1,
  "requires": true,
  "dependencies": {
    "dayjs": {
      "version": "1.8.32",
      "resolved": "https://registry.npmjs.org/dayjs/-/dayjs-1.8.32.tgz",
      "integrity": "sha512-V91aTRu5btP+uzGHaaOfodckEfBWhmi9foRP7cauAO1PTB8+tZ9o0Jec7q6TIIRY1N4q1IfiKsZunkB/AEWqMQ=="
    },
    "ngx-ui-scroll": {
      "version": "1.7.0",
      "resolved": "https://registry.npmjs.org/ngx-ui-scroll/-/ngx-ui-scroll-1.7.0.tgz",
      "integrity": "sha512-1ZuFufVJdpXKf/aTTS4ts0j/12XrL6vHtSxgaCDsvU9athUmgAhirCMjFBE7ZCRVhGXvwFr0mImhYL+alkZ+Ng==",
      "requires": {
        "tslib": "^1.9.0"
      },
      "dependencies": {
        "tslib": {
          "version": "1.13.0",
          "resolved": "https://registry.npmjs.org/tslib/-/tslib-1.13.0.tgz",
          "integrity": "sha512-i/6DQjL8Xf3be4K/E6Wgpekn5Qasl1usyw++dAA35Ue5orEn65VIxOA+YvNNl9HV3qv70T7CNwjODHZrLwvd1Q=="
        }
      }
    }
  }
}
