{
  "name": "recipeSage",
  "version": "0.0.1",
  "lockfileVersion": 1,
  "requires": true,
  "dependencies": {
    "dayjs": {
      "version": "1.8.32",
      "resolved": "https://registry.npmjs.org/dayjs/-/dayjs-1.8.32.tgz",
      "integrity": "sha512-V91aTRu5btP+uzGHaaOfodckEfBWhmi9foRP7cauAO1PTB8+tZ9o0Jec7q6TIIRY1N4q1IfiKsZunkB/AEWqMQ=="
    }
  }
}
